// !$*UTF8*$!
{
	archiveVersion = 1;
	classes = {
	};
	objectVersion = 46;
	objects = {

/* Begin PBXBuildFile section */
		A20FEC5815D1B3A400CD753E /* Foundation.framework in Frameworks */ = {isa = PBXBuildFile; fileRef = A20FEC5715D1B3A400CD753E /* Foundation.framework */; };
		A20FEC5B15D1B3A400CD753E /* main.m in Sources */ = {isa = PBXBuildFile; fileRef = A20FEC5A15D1B3A400CD753E /* main.m */; };
		A20FEC5F15D1B3A400CD753E /* LuckySevens.1 in CopyFiles */ = {isa = PBXBuildFile; fileRef = A20FEC5E15D1B3A400CD753E /* LuckySevens.1 */; };
/* End PBXBuildFile section */

/* Begin PBXCopyFilesBuildPhase section */
		A20FEC5115D1B3A400CD753E /* CopyFiles */ = {
			isa = PBXCopyFilesBuildPhase;
			buildActionMask = 2147483647;
			dstPath = /usr/share/man/man1/;
			dstSubfolderSpec = 0;
			files = (
				A20FEC5F15D1B3A400CD753E /* LuckySevens.1 in CopyFiles */,
			);
			runOnlyForDeploymentPostprocessing = 1;
		};
/* End PBXCopyFilesBuildPhase section */

/* Begin PBXFileReference section */
		A20FEC5315D1B3A400CD753E /* LuckySevens */ = {isa = PBXFileReference; explicitFileType = "compiled.mach-o.executable"; includeInIndex = 0; path = LuckySevens; sourceTree = BUILT_PRODUCTS_DIR; };
		A20FEC5715D1B3A400CD753E /* Foundation.framework */ = {isa = PBXFileReference; lastKnownFileType = wrapper.framework; name = Foundation.framework; path = System/Library/Frameworks/Foundation.framework; sourceTree = SDKROOT; };
		A20FEC5A15D1B3A400CD753E /* main.m */ = {isa = PBXFileReference; lastKnownFileType = sourcecode.c.objc; path = main.m; sourceTree = "<group>"; };
		A20FEC5D15D1B3A400CD753E /* LuckySevens-Prefix.pch */ = {isa = PBXFileReference; lastKnownFileType = sourcecode.c.h; path = "LuckySevens-Prefix.pch"; sourceTree = "<group>"; };
		A20FEC5E15D1B3A400CD753E /* LuckySevens.1 */ = {isa = PBXFileReference; lastKnownFileType = text.man; path = LuckySevens.1; sourceTree = "<group>"; };
/* End PBXFileReference section */

/* Begin PBXFrameworksBuildPhase section */
		A20FEC5015D1B3A400CD753E /* Frameworks */ = {
			isa = PBXFrameworksBuildPhase;
			buildActionMask = 2147483647;
			files = (
				A20FEC5815D1B3A400CD753E /* Foundation.framework in Frameworks */,
			);
			runOnlyForDeploymentPostprocessing = 0;
		};
/* End PBXFrameworksBuildPhase section */

/* Begin PBXGroup section */
		A20FEC4815D1B3A400CD753E = {
			isa = PBXGroup;
			children = (
				A20FEC5915D1B3A400CD753E /* LuckySevens */,
				A20FEC5615D1B3A400CD753E /* Frameworks */,
				A20FEC5415D1B3A400CD753E /* Products */,
			);
			sourceTree = "<group>";
		};
		A20FEC5415D1B3A400CD753E /* Products */ = {
			isa = PBXGroup;
			children = (
				A20FEC5315D1B3A400CD753E /* LuckySevens */,
			);
			name = Products;
			sourceTree = "<group>";
		};
		A20FEC5615D1B3A400CD753E /* Frameworks */ = {
			isa = PBXGroup;
			children = (
				A20FEC5715D1B3A400CD753E /* Foundation.framework */,
			);
			name = Frameworks;
			sourceTree = "<group>";
		};
		A20FEC5915D1B3A400CD753E /* LuckySevens */ = {
			isa = PBXGroup;
			children = (
				A20FEC5A15D1B3A400CD753E /* main.m */,
				A20FEC5E15D1B3A400CD753E /* LuckySevens.1 */,
				A20FEC5C15D1B3A400CD753E /* Supporting Files */,
			);
			path = LuckySevens;
			sourceTree = "<group>";
		};
		A20FEC5C15D1B3A400CD753E /* Supporting Files */ = {
			isa = PBXGroup;
			children = (
				A20FEC5D15D1B3A400CD753E /* LuckySevens-Prefix.pch */,
			);
			name = "Supporting Files";
			sourceTree = "<group>";
		};
/* End PBXGroup section */

/* Begin PBXNativeTarget section */
		A20FEC5215D1B3A400CD753E /* LuckySevens */ = {
			isa = PBXNativeTarget;
			buildConfigurationList = A20FEC6215D1B3A400CD753E /* Build configuration list for PBXNativeTarget "LuckySevens" */;
			buildPhases = (
				A20FEC4F15D1B3A400CD753E /* Sources */,
				A20FEC5015D1B3A400CD753E /* Frameworks */,
				A20FEC5115D1B3A400CD753E /* CopyFiles */,
			);
			buildRules = (
			);
			dependencies = (
			);
			name = LuckySevens;
			productName = LuckySevens;
			productReference = A20FEC5315D1B3A400CD753E /* LuckySevens */;
			productType = "com.apple.product-type.tool";
		};
/* End PBXNativeTarget section */

/* Begin PBXProject section */
		A20FEC4A15D1B3A400CD753E /* Project object */ = {
			isa = PBXProject;
			attributes = {
				LastUpgradeCheck = 0440;
				ORGANIZATIONNAME = "Stephanie Shupe";
			};
			buildConfigurationList = A20FEC4D15D1B3A400CD753E /* Build configuration list for PBXProject "LuckySevens" */;
			compatibilityVersion = "Xcode 3.2";
			developmentRegion = English;
			hasScannedForEncodings = 0;
			knownRegions = (
				en,
			);
			mainGroup = A20FEC4815D1B3A400CD753E;
			productRefGroup = A20FEC5415D1B3A400CD753E /* Products */;
			projectDirPath = "";
			projectRoot = "";
			targets = (
				A20FEC5215D1B3A400CD753E /* LuckySevens */,
			);
		};
/* End PBXProject section */

/* Begin PBXSourcesBuildPhase section */
		A20FEC4F15D1B3A400CD753E /* Sources */ = {
			isa = PBXSourcesBuildPhase;
			buildActionMask = 2147483647;
			files = (
				A20FEC5B15D1B3A400CD753E /* main.m in Sources */,
			);
			runOnlyForDeploymentPostprocessing = 0;
		};
/* End PBXSourcesBuildPhase section */

/* Begin XCBuildConfiguration section */
		A20FEC6015D1B3A400CD753E /* Debug */ = {
			isa = XCBuildConfiguration;
			buildSettings = {
				ALWAYS_SEARCH_USER_PATHS = NO;
				ARCHS = "$(ARCHS_STANDARD_64_BIT)";
				CLANG_CXX_LANGUAGE_STANDARD = "gnu++0x";
				CLANG_ENABLE_OBJC_ARC = YES;
				CLANG_WARN__DUPLICATE_METHOD_MATCH = YES;
				COPY_PHASE_STRIP = NO;
				GCC_C_LANGUAGE_STANDARD = gnu99;
				GCC_DYNAMIC_NO_PIC = NO;
				GCC_ENABLE_OBJC_EXCEPTIONS = YES;
				GCC_OPTIMIZATION_LEVEL = 0;
				GCC_PREPROCESSOR_DEFINITIONS = (
					"DEBUG=1",
					"$(inherited)",
				);
				GCC_SYMBOLS_PRIVATE_EXTERN = NO;
				GCC_WARN_64_TO_32_BIT_CONVERSION = YES;
				GCC_WARN_ABOUT_RETURN_TYPE = YES;
				GCC_WARN_UNINITIALIZED_AUTOS = YES;
				GCC_WARN_UNUSED_VARIABLE = YES;
				MACOSX_DEPLOYMENT_TARGET = 10.7;
				ONLY_ACTIVE_ARCH = YES;
				SDKROOT = macosx;
			};
			name = Debug;
		};
		A20FEC6115D1B3A400CD753E /* Release */ = {
			isa = XCBuildConfiguration;
			buildSettings = {
				ALWAYS_SEARCH_USER_PATHS = NO;
				ARCHS = "$(ARCHS_STANDARD_64_BIT)";
				CLANG_CXX_LANGUAGE_STANDARD = "gnu++0x";
				CLANG_ENABLE_OBJC_ARC = YES;
				CLANG_WARN__DUPLICATE_METHOD_MATCH = YES;
				COPY_PHASE_STRIP = YES;
				DEBUG_INFORMATION_FORMAT = "dwarf-with-dsym";
				GCC_C_LANGUAGE_STANDARD = gnu99;
				GCC_ENABLE_OBJC_EXCEPTIONS = YES;
				GCC_WARN_64_TO_32_BIT_CONVERSION = YES;
				GCC_WARN_ABOUT_RETURN_TYPE = YES;
				GCC_WARN_UNINITIALIZED_AUTOS = YES;
				GCC_WARN_UNUSED_VARIABLE = YES;
				MACOSX_DEPLOYMENT_TARGET = 10.7;
				SDKROOT = macosx;
			};
			name = Release;
		};
		A20FEC6315D1B3A400CD753E /* Debug */ = {
			isa = XCBuildConfiguration;
			buildSettings = {
				GCC_PRECOMPILE_PREFIX_HEADER = YES;
				GCC_PREFIX_HEADER = "LuckySevens/LuckySevens-Prefix.pch";
				PRODUCT_NAME = "$(TARGET_NAME)";
			};
			name = Debug;
		};
		A20FEC6415D1B3A400CD753E /* Release */ = {
			isa = XCBuildConfiguration;
			buildSettings = {
				GCC_PRECOMPILE_PREFIX_HEADER = YES;
				GCC_PREFIX_HEADER = "LuckySevens/LuckySevens-Prefix.pch";
				PRODUCT_NAME = "$(TARGET_NAME)";
			};
			name = Release;
		};
/* End XCBuildConfiguration section */

/* Begin XCConfigurationList section */
		A20FEC4D15D1B3A400CD753E /* Build configuration list for PBXProject "LuckySevens" */ = {
			isa = XCConfigurationList;
			buildConfigurations = (
				A20FEC6015D1B3A400CD753E /* Debug */,
				A20FEC6115D1B3A400CD753E /* Release */,
			);
			defaultConfigurationIsVisible = 0;
			defaultConfigurationName = Release;
		};
		A20FEC6215D1B3A400CD753E /* Build configuration list for PBXNativeTarget "LuckySevens" */ = {
			isa = XCConfigurationList;
			buildConfigurations = (
				A20FEC6315D1B3A400CD753E /* Debug */,
				A20FEC6415D1B3A400CD753E /* Release */,
			);
			defaultConfigurationIsVisible = 0;
		};
/* End XCConfigurationList section */
	};
	rootObject = A20FEC4A15D1B3A400CD753E /* Project object */;
}
